
Microsoft Visual Studio Solution File, Format Version 12.00
# Visual Studio Version 17
VisualStudioVersion = 17.5.002.0
MinimumVisualStudioVersion = 10.0.40219.1
Project("{2150E333-8FDC-42A3-9474-1A3956D46DE8}") = "sandbox", "sandbox", "{637D0DEF-072F-40A9-B7AE-279104039A03}"
EndProject
Project("{9A19103F-16F7-4668-BE54-9A1E7A4F7556}") = "sandbox_project", "sandbox\sandbox_project\sandbox_project.csproj", "{AF9BEFBA-52AA-405D-BA10-83635679EB5F}"
EndProject
Project("{2150E333-8FDC-42A3-9474-1A3956D46DE8}") = "week01", "week01", "{E7B116D6-BF2C-43A4-A11C-96CC16E52825}"
EndProject
Project("{9A19103F-16F7-4668-BE54-9A1E7A4F7556}") = "analyze", "week01\analyze\analyze.csproj", "{B63B2F73-4636-4BB6-95BA-169B07308D06}"
EndProject
Project("{9A19103F-16F7-4668-BE54-9A1E7A4F7556}") = "code", "week01\code\code.csproj", "{1D7BDF3B-4B1D-4331-990E-F5458D654D36}"
EndProject
Project("{9A19103F-16F7-4668-BE54-9A1E7A4F7556}") = "teach", "week01\teach\teach.csproj", "{F34E7EC3-1A3C-4516-8FBB-050B733EF294}"
EndProject
Project("{2150E333-8FDC-42A3-9474-1A3956D46DE8}") = "week02", "week02", "{7E1B6AAE-2B7D-4EE2-8EF6-28CBEAAC952D}"
EndProject
Project("{9A19103F-16F7-4668-BE54-9A1E7A4F7556}") = "analyze", "week02\analyze\analyze.csproj", "{21A2584B-DB79-4477-B648-05921648125F}"
EndProject
Project("{9A19103F-16F7-4668-BE54-9A1E7A4F7556}") = "code", "week02\code\code.csproj", "{04D3FFF0-61BC-4379-AD8F-0C377002F8A7}"
EndProject
Project("{9A19103F-16F7-4668-BE54-9A1E7A4F7556}") = "learn", "week02\learn\learn.csproj", "{0CD2A809-D192-402B-8CDC-6E9E16C7120D}"
EndProject
Project("{9A19103F-16F7-4668-BE54-9A1E7A4F7556}") = "teach", "week02\teach\teach.csproj", "{2155F9F7-0901-458B-8D07-DB16B4F8E22C}"
EndProject
Project("{2150E333-8FDC-42A3-9474-1A3956D46DE8}") = "week03", "week03", "{9C05F7DF-3D04-4B7C-B0AB-901253E4D202}"
EndProject
Project("{9A19103F-16F7-4668-BE54-9A1E7A4F7556}") = "code", "week03\code\code.csproj", "{1744B11E-14D1-4DB3-A3F6-32CDD086FE9A}"
EndProject
Project("{9A19103F-16F7-4668-BE54-9A1E7A4F7556}") = "learn", "week03\learn\learn.csproj", "{24948D19-3C0D-4B82-8A12-797272D9B776}"
EndProject
Project("{9A19103F-16F7-4668-BE54-9A1E7A4F7556}") = "teach", "week03\teach\teach.csproj", "{77C967DE-75C8-4250-9DBE-A5614838460D}"
EndProject
Project("{2150E333-8FDC-42A3-9474-1A3956D46DE8}") = "week04", "week04", "{2448E5C3-884E-4E44-AF80-C7E0C0E87620}"
EndProject
Project("{9A19103F-16F7-4668-BE54-9A1E7A4F7556}") = "code", "week04\code\code.csproj", "{C81ED0F7-B82D-4535-B9B2-00E08E4C1ACF}"
EndProject
Project("{2150E333-8FDC-42A3-9474-1A3956D46DE8}") = "week05", "week05", "{897FB608-0A9F-4AFC-B97E-8BF0DCA2D6A0}"
EndProject
Project("{9A19103F-16F7-4668-BE54-9A1E7A4F7556}") = "code", "week05\code\code.csproj", "{9594492C-29C5-410E-96E4-4CD27663F1D1}"
EndProject
Project("{2150E333-8FDC-42A3-9474-1A3956D46DE8}") = "week06", "week06", "{75611286-B7B5-4EA0-961C-FA55F3D76C57}"
EndProject
Project("{9A19103F-16F7-4668-BE54-9A1E7A4F7556}") = "code", "week06\code\code.csproj", "{326D6C8E-E2BB-4E10-ACF8-C58E411133EC}"
EndProject
Global
	GlobalSection(SolutionConfigurationPlatforms) = preSolution
		Debug|Any CPU = Debug|Any CPU
		Release|Any CPU = Release|Any CPU
	EndGlobalSection
	GlobalSection(ProjectConfigurationPlatforms) = postSolution
		{AF9BEFBA-52AA-405D-BA10-83635679EB5F}.Debug|Any CPU.ActiveCfg = Debug|Any CPU
		{AF9BEFBA-52AA-405D-BA10-83635679EB5F}.Debug|Any CPU.Build.0 = Debug|Any CPU
		{AF9BEFBA-52AA-405D-BA10-83635679EB5F}.Release|Any CPU.ActiveCfg = Release|Any CPU
		{AF9BEFBA-52AA-405D-BA10-83635679EB5F}.Release|Any CPU.Build.0 = Release|Any CPU
		{B63B2F73-4636-4BB6-95BA-169B07308D06}.Debug|Any CPU.ActiveCfg = Debug|Any CPU
		{B63B2F73-4636-4BB6-95BA-169B07308D06}.Debug|Any CPU.Build.0 = Debug|Any CPU
		{B63B2F73-4636-4BB6-95BA-169B07308D06}.Release|Any CPU.ActiveCfg = Release|Any CPU
		{B63B2F73-4636-4BB6-95BA-169B07308D06}.Release|Any CPU.Build.0 = Release|Any CPU
		{1D7BDF3B-4B1D-4331-990E-F5458D654D36}.Debug|Any CPU.ActiveCfg = Debug|Any CPU
		{1D7BDF3B-4B1D-4331-990E-F5458D654D36}.Debug|Any CPU.Build.0 = Debug|Any CPU
		{1D7BDF3B-4B1D-4331-990E-F5458D654D36}.Release|Any CPU.ActiveCfg = Release|Any CPU
		{1D7BDF3B-4B1D-4331-990E-F5458D654D36}.Release|Any CPU.Build.0 = Release|Any CPU
		{F34E7EC3-1A3C-4516-8FBB-050B733EF294}.Debug|Any CPU.ActiveCfg = Debug|Any CPU
		{F34E7EC3-1A3C-4516-8FBB-050B733EF294}.Debug|Any CPU.Build.0 = Debug|Any CPU
		{F34E7EC3-1A3C-4516-8FBB-050B733EF294}.Release|Any CPU.ActiveCfg = Release|Any CPU
		{F34E7EC3-1A3C-4516-8FBB-050B733EF294}.Release|Any CPU.Build.0 = Release|Any CPU
		{21A2584B-DB79-4477-B648-05921648125F}.Debug|Any CPU.ActiveCfg = Debug|Any CPU
		{21A2584B-DB79-4477-B648-05921648125F}.Debug|Any CPU.Build.0 = Debug|Any CPU
		{21A2584B-DB79-4477-B648-05921648125F}.Release|Any CPU.ActiveCfg = Release|Any CPU
		{21A2584B-DB79-4477-B648-05921648125F}.Release|Any CPU.Build.0 = Release|Any CPU
		{04D3FFF0-61BC-4379-AD8F-0C377002F8A7}.Debug|Any CPU.ActiveCfg = Debug|Any CPU
		{04D3FFF0-61BC-4379-AD8F-0C377002F8A7}.Debug|Any CPU.Build.0 = Debug|Any CPU
		{04D3FFF0-61BC-4379-AD8F-0C377002F8A7}.Release|Any CPU.ActiveCfg = Release|Any CPU
		{04D3FFF0-61BC-4379-AD8F-0C377002F8A7}.Release|Any CPU.Build.0 = Release|Any CPU
		{0CD2A809-D192-402B-8CDC-6E9E16C7120D}.Debug|Any CPU.ActiveCfg = Debug|Any CPU
		{0CD2A809-D192-402B-8CDC-6E9E16C7120D}.Debug|Any CPU.Build.0 = Debug|Any CPU
		{0CD2A809-D192-402B-8CDC-6E9E16C7120D}.Release|Any CPU.ActiveCfg = Release|Any CPU
		{0CD2A809-D192-402B-8CDC-6E9E16C7120D}.Release|Any CPU.Build.0 = Release|Any CPU
		{2155F9F7-0901-458B-8D07-DB16B4F8E22C}.Debug|Any CPU.ActiveCfg = Debug|Any CPU
		{2155F9F7-0901-458B-8D07-DB16B4F8E22C}.Debug|Any CPU.Build.0 = Debug|Any CPU
		{2155F9F7-0901-458B-8D07-DB16B4F8E22C}.Release|Any CPU.ActiveCfg = Release|Any CPU
		{2155F9F7-0901-458B-8D07-DB16B4F8E22C}.Release|Any CPU.Build.0 = Release|Any CPU
		{1744B11E-14D1-4DB3-A3F6-32CDD086FE9A}.Debug|Any CPU.ActiveCfg = Debug|Any CPU
		{1744B11E-14D1-4DB3-A3F6-32CDD086FE9A}.Debug|Any CPU.Build.0 = Debug|Any CPU
		{1744B11E-14D1-4DB3-A3F6-32CDD086FE9A}.Release|Any CPU.ActiveCfg = Release|Any CPU
		{1744B11E-14D1-4DB3-A3F6-32CDD086FE9A}.Release|Any CPU.Build.0 = Release|Any CPU
		{24948D19-3C0D-4B82-8A12-797272D9B776}.Debug|Any CPU.ActiveCfg = Debug|Any CPU
		{24948D19-3C0D-4B82-8A12-797272D9B776}.Debug|Any CPU.Build.0 = Debug|Any CPU
		{24948D19-3C0D-4B82-8A12-797272D9B776}.Release|Any CPU.ActiveCfg = Release|Any CPU
		{24948D19-3C0D-4B82-8A12-797272D9B776}.Release|Any CPU.Build.0 = Release|Any CPU
		{77C967DE-75C8-4250-9DBE-A5614838460D}.Debug|Any CPU.ActiveCfg = Debug|Any CPU
		{77C967DE-75C8-4250-9DBE-A5614838460D}.Debug|Any CPU.Build.0 = Debug|Any CPU
		{77C967DE-75C8-4250-9DBE-A5614838460D}.Release|Any CPU.ActiveCfg = Release|Any CPU
		{77C967DE-75C8-4250-9DBE-A5614838460D}.Release|Any CPU.Build.0 = Release|Any CPU
		{C81ED0F7-B82D-4535-B9B2-00E08E4C1ACF}.Debug|Any CPU.ActiveCfg = Debug|Any CPU
		{C81ED0F7-B82D-4535-B9B2-00E08E4C1ACF}.Debug|Any CPU.Build.0 = Debug|Any CPU
		{C81ED0F7-B82D-4535-B9B2-00E08E4C1ACF}.Release|Any CPU.ActiveCfg = Release|Any CPU
		{C81ED0F7-B82D-4535-B9B2-00E08E4C1ACF}.Release|Any CPU.Build.0 = Release|Any CPU
		{9594492C-29C5-410E-96E4-4CD27663F1D1}.Debug|Any CPU.ActiveCfg = Debug|Any CPU
		{9594492C-29C5-410E-96E4-4CD27663F1D1}.Debug|Any CPU.Build.0 = Debug|Any CPU
		{9594492C-29C5-410E-96E4-4CD27663F1D1}.Release|Any CPU.ActiveCfg = Release|Any CPU
		{9594492C-29C5-410E-96E4-4CD27663F1D1}.Release|Any CPU.Build.0 = Release|Any CPU
		{326D6C8E-E2BB-4E10-ACF8-C58E411133EC}.Debug|Any CPU.ActiveCfg = Debug|Any CPU
		{326D6C8E-E2BB-4E10-ACF8-C58E411133EC}.Debug|Any CPU.Build.0 = Debug|Any CPU
		{326D6C8E-E2BB-4E10-ACF8-C58E411133EC}.Release|Any CPU.ActiveCfg = Release|Any CPU
		{326D6C8E-E2BB-4E10-ACF8-C58E411133EC}.Release|Any CPU.Build.0 = Release|Any CPU
	EndGlobalSection
	GlobalSection(SolutionProperties) = preSolution
		HideSolutionNode = FALSE
	EndGlobalSection
	GlobalSection(NestedProjects) = preSolution
		{AF9BEFBA-52AA-405D-BA10-83635679EB5F} = {637D0DEF-072F-40A9-B7AE-279104039A03}
		{B63B2F73-4636-4BB6-95BA-169B07308D06} = {E7B116D6-BF2C-43A4-A11C-96CC16E52825}
		{1D7BDF3B-4B1D-4331-990E-F5458D654D36} = {E7B116D6-BF2C-43A4-A11C-96CC16E52825}
		{F34E7EC3-1A3C-4516-8FBB-050B733EF294} = {E7B116D6-BF2C-43A4-A11C-96CC16E52825}
		{21A2584B-DB79-4477-B648-05921648125F} = {7E1B6AAE-2B7D-4EE2-8EF6-28CBEAAC952D}
		{04D3FFF0-61BC-4379-AD8F-0C377002F8A7} = {7E1B6AAE-2B7D-4EE2-8EF6-28CBEAAC952D}
		{0CD2A809-D192-402B-8CDC-6E9E16C7120D} = {7E1B6AAE-2B7D-4EE2-8EF6-28CBEAAC952D}
		{2155F9F7-0901-458B-8D07-DB16B4F8E22C} = {7E1B6AAE-2B7D-4EE2-8EF6-28CBEAAC952D}
		{1744B11E-14D1-4DB3-A3F6-32CDD086FE9A} = {9C05F7DF-3D04-4B7C-B0AB-901253E4D202}
		{24948D19-3C0D-4B82-8A12-797272D9B776} = {9C05F7DF-3D04-4B7C-B0AB-901253E4D202}
		{77C967DE-75C8-4250-9DBE-A5614838460D} = {9C05F7DF-3D04-4B7C-B0AB-901253E4D202}
		{C81ED0F7-B82D-4535-B9B2-00E08E4C1ACF} = {2448E5C3-884E-4E44-AF80-C7E0C0E87620}
		{9594492C-29C5-410E-96E4-4CD27663F1D1} = {897FB608-0A9F-4AFC-B97E-8BF0DCA2D6A0}
		{326D6C8E-E2BB-4E10-ACF8-C58E411133EC} = {75611286-B7B5-4EA0-961C-FA55F3D76C57}
	EndGlobalSection
	GlobalSection(ExtensibilityGlobals) = postSolution
		SolutionGuid = {7825CC30-4376-4906-BA87-B1AC50403CDF}
	EndGlobalSection
EndGlobal
